
Microsoft Visual Studio Solution File, Format Version 12.00
# Visual Studio Version 17
VisualStudioVersion = 17.1.32421.90
MinimumVisualStudioVersion = 10.0.40219.1
Project("{FAE04EC0-301F-11D3-BF4B-00C04F79EFBC}") = "Nadjia", "Nadjia\Nadjia.csproj", "{FC1D4871-1CBE-46E0-AED7-BD527FF30E68}"
EndProject
Global
	GlobalSection(SolutionConfigurationPlatforms) = preSolution
		Debug|Any CPU = Debug|Any CPU
		Release|Any CPU = Release|Any CPU
	EndGlobalSection
	GlobalSection(ProjectConfigurationPlatforms) = postSolution
		{FC1D4871-1CBE-46E0-AED7-BD527FF30E68}.Debug|Any CPU.ActiveCfg = Debug|Any CPU
		{FC1D4871-1CBE-46E0-AED7-BD527FF30E68}.Debug|Any CPU.Build.0 = Debug|Any CPU
		{FC1D4871-1CBE-46E0-AED7-BD527FF30E68}.Release|Any CPU.ActiveCfg = Release|Any CPU
		{FC1D4871-1CBE-46E0-AED7-BD527FF30E68}.Release|Any CPU.Build.0 = Release|Any CPU
	EndGlobalSection
	GlobalSection(SolutionProperties) = preSolution
		HideSolutionNode = FALSE
	EndGlobalSection
	GlobalSection(ExtensibilityGlobals) = postSolution
		SolutionGuid = {452F7B37-136E-4826-A993-FB91170ED617}
	EndGlobalSection
EndGlobal
